
Microsoft Visual Studio Solution File, Format Version 12.00
# Visual Studio for Mac
Project("{FAE04EC0-301F-11D3-BF4B-00C04F79EFBC}") = "Assembly-CSharp-firstpass", "Assembly-CSharp-firstpass.csproj", "{2F59B37A-61F4-0DED-111B-2DDC05F241F9}"
EndProject
Project("{FAE04EC0-301F-11D3-BF4B-00C04F79EFBC}") = "Assembly-CSharp", "Assembly-CSharp.csproj", "{D08DFDFA-0FBE-F284-B62A-3D6D19D4B102}"
EndProject
Project("{FAE04EC0-301F-11D3-BF4B-00C04F79EFBC}") = "Assembly-CSharp-Editor-firstpass", "Assembly-CSharp-Editor-firstpass.csproj", "{59C73D8E-7DE0-0690-EFB3-2788EA19F0C8}"
EndProject
Global
	GlobalSection(SolutionConfigurationPlatforms) = preSolution
		Debug|Any CPU = Debug|Any CPU
		Release|Any CPU = Release|Any CPU
	EndGlobalSection
	GlobalSection(ProjectConfigurationPlatforms) = postSolution
		{2F59B37A-61F4-0DED-111B-2DDC05F241F9}.Debug|Any CPU.ActiveCfg = Debug|Any CPU
		{2F59B37A-61F4-0DED-111B-2DDC05F241F9}.Debug|Any CPU.Build.0 = Debug|Any CPU
		{2F59B37A-61F4-0DED-111B-2DDC05F241F9}.Release|Any CPU.ActiveCfg = Release|Any CPU
		{2F59B37A-61F4-0DED-111B-2DDC05F241F9}.Release|Any CPU.Build.0 = Release|Any CPU
		{D08DFDFA-0FBE-F284-B62A-3D6D19D4B102}.Debug|Any CPU.ActiveCfg = Debug|Any CPU
		{D08DFDFA-0FBE-F284-B62A-3D6D19D4B102}.Debug|Any CPU.Build.0 = Debug|Any CPU
		{D08DFDFA-0FBE-F284-B62A-3D6D19D4B102}.Release|Any CPU.ActiveCfg = Release|Any CPU
		{D08DFDFA-0FBE-F284-B62A-3D6D19D4B102}.Release|Any CPU.Build.0 = Release|Any CPU
		{59C73D8E-7DE0-0690-EFB3-2788EA19F0C8}.Debug|Any CPU.ActiveCfg = Debug|Any CPU
		{59C73D8E-7DE0-0690-EFB3-2788EA19F0C8}.Debug|Any CPU.Build.0 = Debug|Any CPU
		{59C73D8E-7DE0-0690-EFB3-2788EA19F0C8}.Release|Any CPU.ActiveCfg = Release|Any CPU
		{59C73D8E-7DE0-0690-EFB3-2788EA19F0C8}.Release|Any CPU.Build.0 = Release|Any CPU
	EndGlobalSection
	GlobalSection(SolutionProperties) = preSolution
		HideSolutionNode = FALSE
	EndGlobalSection
EndGlobal
